// !$*UTF8*$!
{
	archiveVersion = 1;
	classes = {
	};
	objectVersion = 50;
	objects = {

/* Begin PBXBuildFile section */
		30B2572121CC93F20039EF63 /* AppDelegate.swift in Sources */ = {isa = PBXBuildFile; fileRef = 30B2572021CC93F20039EF63 /* AppDelegate.swift */; };
		30B2572321CC93F20039EF63 /* ViewController.swift in Sources */ = {isa = PBXBuildFile; fileRef = 30B2572221CC93F20039EF63 /* ViewController.swift */; };
		30B2572621CC93F20039EF63 /* Main.storyboard in Resources */ = {isa = PBXBuildFile; fileRef = 30B2572421CC93F20039EF63 /* Main.storyboard */; };
		30B2572821CC93F30039EF63 /* Assets.xcassets in Resources */ = {isa = PBXBuildFile; fileRef = 30B2572721CC93F30039EF63 /* Assets.xcassets */; };
		30B2572B21CC93F30039EF63 /* LaunchScreen.storyboard in Resources */ = {isa = PBXBuildFile; fileRef = 30B2572921CC93F30039EF63 /* LaunchScreen.storyboard */; };
		30B2573621CC93F30039EF63 /* ChangeDataTests.swift in Sources */ = {isa = PBXBuildFile; fileRef = 30B2573521CC93F30039EF63 /* ChangeDataTests.swift */; };
		30B2574121CC93F30039EF63 /* ChangeDataUITests.swift in Sources */ = {isa = PBXBuildFile; fileRef = 30B2574021CC93F30039EF63 /* ChangeDataUITests.swift */; };
		30B2574F21CC98D20039EF63 /* Tab2ViewController.swift in Sources */ = {isa = PBXBuildFile; fileRef = 30B2574E21CC98D20039EF63 /* Tab2ViewController.swift */; };
/* End PBXBuildFile section */

/* Begin PBXContainerItemProxy section */
		30B2573221CC93F30039EF63 /* PBXContainerItemProxy */ = {
			isa = PBXContainerItemProxy;
			containerPortal = 30B2571521CC93F20039EF63 /* Project object */;
			proxyType = 1;
			remoteGlobalIDString = 30B2571C21CC93F20039EF63;
			remoteInfo = ChangeData;
		};
		30B2573D21CC93F30039EF63 /* PBXContainerItemProxy */ = {
			isa = PBXContainerItemProxy;
			containerPortal = 30B2571521CC93F20039EF63 /* Project object */;
			proxyType = 1;
			remoteGlobalIDString = 30B2571C21CC93F20039EF63;
			remoteInfo = ChangeData;
		};
/* End PBXContainerItemProxy section */

/* Begin PBXFileReference section */
		30B2571D21CC93F20039EF63 /* ChangeData.app */ = {isa = PBXFileReference; explicitFileType = wrapper.application; includeInIndex = 0; path = ChangeData.app; sourceTree = BUILT_PRODUCTS_DIR; };
		30B2572021CC93F20039EF63 /* AppDelegate.swift */ = {isa = PBXFileReference; lastKnownFileType = sourcecode.swift; path = AppDelegate.swift; sourceTree = "<group>"; };
		30B2572221CC93F20039EF63 /* ViewController.swift */ = {isa = PBXFileReference; lastKnownFileType = sourcecode.swift; path = ViewController.swift; sourceTree = "<group>"; };
		30B2572521CC93F20039EF63 /* Base */ = {isa = PBXFileReference; lastKnownFileType = file.storyboard; name = Base; path = Base.lproj/Main.storyboard; sourceTree = "<group>"; };
		30B2572721CC93F30039EF63 /* Assets.xcassets */ = {isa = PBXFileReference; lastKnownFileType = folder.assetcatalog; path = Assets.xcassets; sourceTree = "<group>"; };
		30B2572A21CC93F30039EF63 /* Base */ = {isa = PBXFileReference; lastKnownFileType = file.storyboard; name = Base; path = Base.lproj/LaunchScreen.storyboard; sourceTree = "<group>"; };
		30B2572C21CC93F30039EF63 /* Info.plist */ = {isa = PBXFileReference; lastKnownFileType = text.plist.xml; path = Info.plist; sourceTree = "<group>"; };
		30B2573121CC93F30039EF63 /* ChangeDataTests.xctest */ = {isa = PBXFileReference; explicitFileType = wrapper.cfbundle; includeInIndex = 0; path = ChangeDataTests.xctest; sourceTree = BUILT_PRODUCTS_DIR; };
		30B2573521CC93F30039EF63 /* ChangeDataTests.swift */ = {isa = PBXFileReference; lastKnownFileType = sourcecode.swift; path = ChangeDataTests.swift; sourceTree = "<group>"; };
		30B2573721CC93F30039EF63 /* Info.plist */ = {isa = PBXFileReference; lastKnownFileType = text.plist.xml; path = Info.plist; sourceTree = "<group>"; };
		30B2573C21CC93F30039EF63 /* ChangeDataUITests.xctest */ = {isa = PBXFileReference; explicitFileType = wrapper.cfbundle; includeInIndex = 0; path = ChangeDataUITests.xctest; sourceTree = BUILT_PRODUCTS_DIR; };
		30B2574021CC93F30039EF63 /* ChangeDataUITests.swift */ = {isa = PBXFileReference; lastKnownFileType = sourcecode.swift; path = ChangeDataUITests.swift; sourceTree = "<group>"; };
		30B2574221CC93F30039EF63 /* Info.plist */ = {isa = PBXFileReference; lastKnownFileType = text.plist.xml; path = Info.plist; sourceTree = "<group>"; };
		30B2574E21CC98D20039EF63 /* Tab2ViewController.swift */ = {isa = PBXFileReference; lastKnownFileType = sourcecode.swift; path = Tab2ViewController.swift; sourceTree = "<group>"; };
/* End PBXFileReference section */

/* Begin PBXFrameworksBuildPhase section */
		30B2571A21CC93F20039EF63 /* Frameworks */ = {
			isa = PBXFrameworksBuildPhase;
			buildActionMask = 2147483647;
			files = (
			);
			runOnlyForDeploymentPostprocessing = 0;
		};
		30B2572E21CC93F30039EF63 /* Frameworks */ = {
			isa = PBXFrameworksBuildPhase;
			buildActionMask = 2147483647;
			files = (
			);
			runOnlyForDeploymentPostprocessing = 0;
		};
		30B2573921CC93F30039EF63 /* Frameworks */ = {
			isa = PBXFrameworksBuildPhase;
			buildActionMask = 2147483647;
			files = (
			);
			runOnlyForDeploymentPostprocessing = 0;
		};
/* End PBXFrameworksBuildPhase section */

/* Begin PBXGroup section */
		30B2571421CC93F20039EF63 = {
			isa = PBXGroup;
			children = (
				30B2571F21CC93F20039EF63 /* ChangeData */,
				30B2573421CC93F30039EF63 /* ChangeDataTests */,
				30B2573F21CC93F30039EF63 /* ChangeDataUITests */,
				30B2571E21CC93F20039EF63 /* Products */,
			);
			sourceTree = "<group>";
		};
		30B2571E21CC93F20039EF63 /* Products */ = {
			isa = PBXGroup;
			children = (
				30B2571D21CC93F20039EF63 /* ChangeData.app */,
				30B2573121CC93F30039EF63 /* ChangeDataTests.xctest */,
				30B2573C21CC93F30039EF63 /* ChangeDataUITests.xctest */,
			);
			name = Products;
			sourceTree = "<group>";
		};
		30B2571F21CC93F20039EF63 /* ChangeData */ = {
			isa = PBXGroup;
			children = (
				30B2572021CC93F20039EF63 /* AppDelegate.swift */,
				30B2572421CC93F20039EF63 /* Main.storyboard */,
				30B2572221CC93F20039EF63 /* ViewController.swift */,
				30B2574E21CC98D20039EF63 /* Tab2ViewController.swift */,
				30B2572721CC93F30039EF63 /* Assets.xcassets */,
				30B2572921CC93F30039EF63 /* LaunchScreen.storyboard */,
				30B2572C21CC93F30039EF63 /* Info.plist */,
			);
			path = ChangeData;
			sourceTree = "<group>";
		};
		30B2573421CC93F30039EF63 /* ChangeDataTests */ = {
			isa = PBXGroup;
			children = (
				30B2573521CC93F30039EF63 /* ChangeDataTests.swift */,
				30B2573721CC93F30039EF63 /* Info.plist */,
			);
			path = ChangeDataTests;
			sourceTree = "<group>";
		};
		30B2573F21CC93F30039EF63 /* ChangeDataUITests */ = {
			isa = PBXGroup;
			children = (
				30B2574021CC93F30039EF63 /* ChangeDataUITests.swift */,
				30B2574221CC93F30039EF63 /* Info.plist */,
			);
			path = ChangeDataUITests;
			sourceTree = "<group>";
		};
/* End PBXGroup section */

/* Begin PBXNativeTarget section */
		30B2571C21CC93F20039EF63 /* ChangeData */ = {
			isa = PBXNativeTarget;
			buildConfigurationList = 30B2574521CC93F30039EF63 /* Build configuration list for PBXNativeTarget "ChangeData" */;
			buildPhases = (
				30B2571921CC93F20039EF63 /* Sources */,
				30B2571A21CC93F20039EF63 /* Frameworks */,
				30B2571B21CC93F20039EF63 /* Resources */,
			);
			buildRules = (
			);
			dependencies = (
			);
			name = ChangeData;
			productName = ChangeData;
			productReference = 30B2571D21CC93F20039EF63 /* ChangeData.app */;
			productType = "com.apple.product-type.application";
		};
		30B2573021CC93F30039EF63 /* ChangeDataTests */ = {
			isa = PBXNativeTarget;
			buildConfigurationList = 30B2574821CC93F30039EF63 /* Build configuration list for PBXNativeTarget "ChangeDataTests" */;
			buildPhases = (
				30B2572D21CC93F30039EF63 /* Sources */,
				30B2572E21CC93F30039EF63 /* Frameworks */,
				30B2572F21CC93F30039EF63 /* Resources */,
			);
			buildRules = (
			);
			dependencies = (
				30B2573321CC93F30039EF63 /* PBXTargetDependency */,
			);
			name = ChangeDataTests;
			productName = ChangeDataTests;
			productReference = 30B2573121CC93F30039EF63 /* ChangeDataTests.xctest */;
			productType = "com.apple.product-type.bundle.unit-test";
		};
		30B2573B21CC93F30039EF63 /* ChangeDataUITests */ = {
			isa = PBXNativeTarget;
			buildConfigurationList = 30B2574B21CC93F30039EF63 /* Build configuration list for PBXNativeTarget "ChangeDataUITests" */;
			buildPhases = (
				30B2573821CC93F30039EF63 /* Sources */,
				30B2573921CC93F30039EF63 /* Frameworks */,
				30B2573A21CC93F30039EF63 /* Resources */,
			);
			buildRules = (
			);
			dependencies = (
				30B2573E21CC93F30039EF63 /* PBXTargetDependency */,
			);
			name = ChangeDataUITests;
			productName = ChangeDataUITests;
			productReference = 30B2573C21CC93F30039EF63 /* ChangeDataUITests.xctest */;
			productType = "com.apple.product-type.bundle.ui-testing";
		};
/* End PBXNativeTarget section */

/* Begin PBXProject section */
		30B2571521CC93F20039EF63 /* Project object */ = {
			isa = PBXProject;
			attributes = {
				LastSwiftUpdateCheck = 1010;
				LastUpgradeCheck = 1010;
				ORGANIZATIONNAME = Sonnv;
				TargetAttributes = {
					30B2571C21CC93F20039EF63 = {
						CreatedOnToolsVersion = 10.1;
					};
					30B2573021CC93F30039EF63 = {
						CreatedOnToolsVersion = 10.1;
						TestTargetID = 30B2571C21CC93F20039EF63;
					};
					30B2573B21CC93F30039EF63 = {
						CreatedOnToolsVersion = 10.1;
						TestTargetID = 30B2571C21CC93F20039EF63;
					};
				};
			};
			buildConfigurationList = 30B2571821CC93F20039EF63 /* Build configuration list for PBXProject "ChangeData" */;
			compatibilityVersion = "Xcode 9.3";
			developmentRegion = en;
			hasScannedForEncodings = 0;
			knownRegions = (
				en,
				Base,
			);
			mainGroup = 30B2571421CC93F20039EF63;
			productRefGroup = 30B2571E21CC93F20039EF63 /* Products */;
			projectDirPath = "";
			projectRoot = "";
			targets = (
				30B2571C21CC93F20039EF63 /* ChangeData */,
				30B2573021CC93F30039EF63 /* ChangeDataTests */,
				30B2573B21CC93F30039EF63 /* ChangeDataUITests */,
			);
		};
/* End PBXProject section */

/* Begin PBXResourcesBuildPhase section */
		30B2571B21CC93F20039EF63 /* Resources */ = {
			isa = PBXResourcesBuildPhase;
			buildActionMask = 2147483647;
			files = (
				30B2572B21CC93F30039EF63 /* LaunchScreen.storyboard in Resources */,
				30B2572821CC93F30039EF63 /* Assets.xcassets in Resources */,
				30B2572621CC93F20039EF63 /* Main.storyboard in Resources */,
			);
			runOnlyForDeploymentPostprocessing = 0;
		};
		30B2572F21CC93F30039EF63 /* Resources */ = {
			isa = PBXResourcesBuildPhase;
			buildActionMask = 2147483647;
			files = (
			);
			runOnlyForDeploymentPostprocessing = 0;
		};
		30B2573A21CC93F30039EF63 /* Resources */ = {
			isa = PBXResourcesBuildPhase;
			buildActionMask = 2147483647;
			files = (
			);
			runOnlyForDeploymentPostprocessing = 0;
		};
/* End PBXResourcesBuildPhase section */

/* Begin PBXSourcesBuildPhase section */
		30B2571921CC93F20039EF63 /* Sources */ = {
			isa = PBXSourcesBuildPhase;
			buildActionMask = 2147483647;
			files = (
				30B2572321CC93F20039EF63 /* ViewController.swift in Sources */,
				30B2572121CC93F20039EF63 /* AppDelegate.swift in Sources */,
				30B2574F21CC98D20039EF63 /* Tab2ViewController.swift in Sources */,
			);
			runOnlyForDeploymentPostprocessing = 0;
		};
		30B2572D21CC93F30039EF63 /* Sources */ = {
			isa = PBXSourcesBuildPhase;
			buildActionMask = 2147483647;
			files = (
				30B2573621CC93F30039EF63 /* ChangeDataTests.swift in Sources */,
			);
			runOnlyForDeploymentPostprocessing = 0;
		};
		30B2573821CC93F30039EF63 /* Sources */ = {
			isa = PBXSourcesBuildPhase;
			buildActionMask = 2147483647;
			files = (
				30B2574121CC93F30039EF63 /* ChangeDataUITests.swift in Sources */,
			);
			runOnlyForDeploymentPostprocessing = 0;
		};
/* End PBXSourcesBuildPhase section */

/* Begin PBXTargetDependency section */
		30B2573321CC93F30039EF63 /* PBXTargetDependency */ = {
			isa = PBXTargetDependency;
			target = 30B2571C21CC93F20039EF63 /* ChangeData */;
			targetProxy = 30B2573221CC93F30039EF63 /* PBXContainerItemProxy */;
		};
		30B2573E21CC93F30039EF63 /* PBXTargetDependency */ = {
			isa = PBXTargetDependency;
			target = 30B2571C21CC93F20039EF63 /* ChangeData */;
			targetProxy = 30B2573D21CC93F30039EF63 /* PBXContainerItemProxy */;
		};
/* End PBXTargetDependency section */

/* Begin PBXVariantGroup section */
		30B2572421CC93F20039EF63 /* Main.storyboard */ = {
			isa = PBXVariantGroup;
			children = (
				30B2572521CC93F20039EF63 /* Base */,
			);
			name = Main.storyboard;
			sourceTree = "<group>";
		};
		30B2572921CC93F30039EF63 /* LaunchScreen.storyboard */ = {
			isa = PBXVariantGroup;
			children = (
				30B2572A21CC93F30039EF63 /* Base */,
			);
			name = LaunchScreen.storyboard;
			sourceTree = "<group>";
		};
/* End PBXVariantGroup section */

/* Begin XCBuildConfiguration section */
		30B2574321CC93F30039EF63 /* Debug */ = {
			isa = XCBuildConfiguration;
			buildSettings = {
				ALWAYS_SEARCH_USER_PATHS = NO;
				CLANG_ANALYZER_NONNULL = YES;
				CLANG_ANALYZER_NUMBER_OBJECT_CONVERSION = YES_AGGRESSIVE;
				CLANG_CXX_LANGUAGE_STANDARD = "gnu++14";
				CLANG_CXX_LIBRARY = "libc++";
				CLANG_ENABLE_MODULES = YES;
				CLANG_ENABLE_OBJC_ARC = YES;
				CLANG_ENABLE_OBJC_WEAK = YES;
				CLANG_WARN_BLOCK_CAPTURE_AUTORELEASING = YES;
				CLANG_WARN_BOOL_CONVERSION = YES;
				CLANG_WARN_COMMA = YES;
				CLANG_WARN_CONSTANT_CONVERSION = YES;
				CLANG_WARN_DEPRECATED_OBJC_IMPLEMENTATIONS = YES;
				CLANG_WARN_DIRECT_OBJC_ISA_USAGE = YES_ERROR;
				CLANG_WARN_DOCUMENTATION_COMMENTS = YES;
				CLANG_WARN_EMPTY_BODY = YES;
				CLANG_WARN_ENUM_CONVERSION = YES;
				CLANG_WARN_INFINITE_RECURSION = YES;
				CLANG_WARN_INT_CONVERSION = YES;
				CLANG_WARN_NON_LITERAL_NULL_CONVERSION = YES;
				CLANG_WARN_OBJC_IMPLICIT_RETAIN_SELF = YES;
				CLANG_WARN_OBJC_LITERAL_CONVERSION = YES;
				CLANG_WARN_OBJC_ROOT_CLASS = YES_ERROR;
				CLANG_WARN_RANGE_LOOP_ANALYSIS = YES;
				CLANG_WARN_STRICT_PROTOTYPES = YES;
				CLANG_WARN_SUSPICIOUS_MOVE = YES;
				CLANG_WARN_UNGUARDED_AVAILABILITY = YES_AGGRESSIVE;
				CLANG_WARN_UNREACHABLE_CODE = YES;
				CLANG_WARN__DUPLICATE_METHOD_MATCH = YES;
				CODE_SIGN_IDENTITY = "iPhone Developer";
				COPY_PHASE_STRIP = NO;
				DEBUG_INFORMATION_FORMAT = dwarf;
				ENABLE_STRICT_OBJC_MSGSEND = YES;
				ENABLE_TESTABILITY = YES;
				GCC_C_LANGUAGE_STANDARD = gnu11;
				GCC_DYNAMIC_NO_PIC = NO;
				GCC_NO_COMMON_BLOCKS = YES;
				GCC_OPTIMIZATION_LEVEL = 0;
				GCC_PREPROCESSOR_DEFINITIONS = (
					"DEBUG=1",
					"$(inherited)",
				);
				GCC_WARN_64_TO_32_BIT_CONVERSION = YES;
				GCC_WARN_ABOUT_RETURN_TYPE = YES_ERROR;
				GCC_WARN_UNDECLARED_SELECTOR = YES;
				GCC_WARN_UNINITIALIZED_AUTOS = YES_AGGRESSIVE;
				GCC_WARN_UNUSED_FUNCTION = YES;
				GCC_WARN_UNUSED_VARIABLE = YES;
				IPHONEOS_DEPLOYMENT_TARGET = 12.1;
				MTL_ENABLE_DEBUG_INFO = INCLUDE_SOURCE;
				MTL_FAST_MATH = YES;
				ONLY_ACTIVE_ARCH = YES;
				SDKROOT = iphoneos;
				SWIFT_ACTIVE_COMPILATION_CONDITIONS = DEBUG;
				SWIFT_OPTIMIZATION_LEVEL = "-Onone";
			};
			name = Debug;
		};
		30B2574421CC93F30039EF63 /* Release */ = {
			isa = XCBuildConfiguration;
			buildSettings = {
				ALWAYS_SEARCH_USER_PATHS = NO;
				CLANG_ANALYZER_NONNULL = YES;
				CLANG_ANALYZER_NUMBER_OBJECT_CONVERSION = YES_AGGRESSIVE;
				CLANG_CXX_LANGUAGE_STANDARD = "gnu++14";
				CLANG_CXX_LIBRARY = "libc++";
				CLANG_ENABLE_MODULES = YES;
				CLANG_ENABLE_OBJC_ARC = YES;
				CLANG_ENABLE_OBJC_WEAK = YES;
				CLANG_WARN_BLOCK_CAPTURE_AUTORELEASING = YES;
				CLANG_WARN_BOOL_CONVERSION = YES;
				CLANG_WARN_COMMA = YES;
				CLANG_WARN_CONSTANT_CONVERSION = YES;
				CLANG_WARN_DEPRECATED_OBJC_IMPLEMENTATIONS = YES;
				CLANG_WARN_DIRECT_OBJC_ISA_USAGE = YES_ERROR;
				CLANG_WARN_DOCUMENTATION_COMMENTS = YES;
				CLANG_WARN_EMPTY_BODY = YES;
				CLANG_WARN_ENUM_CONVERSION = YES;
				CLANG_WARN_INFINITE_RECURSION = YES;
				CLANG_WARN_INT_CONVERSION = YES;
				CLANG_WARN_NON_LITERAL_NULL_CONVERSION = YES;
				CLANG_WARN_OBJC_IMPLICIT_RETAIN_SELF = YES;
				CLANG_WARN_OBJC_LITERAL_CONVERSION = YES;
				CLANG_WARN_OBJC_ROOT_CLASS = YES_ERROR;
				CLANG_WARN_RANGE_LOOP_ANALYSIS = YES;
				CLANG_WARN_STRICT_PROTOTYPES = YES;
				CLANG_WARN_SUSPICIOUS_MOVE = YES;
				CLANG_WARN_UNGUARDED_AVAILABILITY = YES_AGGRESSIVE;
				CLANG_WARN_UNREACHABLE_CODE = YES;
				CLANG_WARN__DUPLICATE_METHOD_MATCH = YES;
				CODE_SIGN_IDENTITY = "iPhone Developer";
				COPY_PHASE_STRIP = NO;
				DEBUG_INFORMATION_FORMAT = "dwarf-with-dsym";
				ENABLE_NS_ASSERTIONS = NO;
				ENABLE_STRICT_OBJC_MSGSEND = YES;
				GCC_C_LANGUAGE_STANDARD = gnu11;
				GCC_NO_COMMON_BLOCKS = YES;
				GCC_WARN_64_TO_32_BIT_CONVERSION = YES;
				GCC_WARN_ABOUT_RETURN_TYPE = YES_ERROR;
				GCC_WARN_UNDECLARED_SELECTOR = YES;
				GCC_WARN_UNINITIALIZED_AUTOS = YES_AGGRESSIVE;
				GCC_WARN_UNUSED_FUNCTION = YES;
				GCC_WARN_UNUSED_VARIABLE = YES;
				IPHONEOS_DEPLOYMENT_TARGET = 12.1;
				MTL_ENABLE_DEBUG_INFO = NO;
				MTL_FAST_MATH = YES;
				SDKROOT = iphoneos;
				SWIFT_COMPILATION_MODE = wholemodule;
				SWIFT_OPTIMIZATION_LEVEL = "-O";
				VALIDATE_PRODUCT = YES;
			};
			name = Release;
		};
		30B2574621CC93F30039EF63 /* Debug */ = {
			isa = XCBuildConfiguration;
			buildSettings = {
				ASSETCATALOG_COMPILER_APPICON_NAME = AppIcon;
				CODE_SIGN_STYLE = Automatic;
				DEVELOPMENT_TEAM = ZMCVA33US7;
				INFOPLIST_FILE = ChangeData/Info.plist;
				LD_RUNPATH_SEARCH_PATHS = (
					"$(inherited)",
					"@executable_path/Frameworks",
				);
				PRODUCT_BUNDLE_IDENTIFIER = son.ChangeData;
				PRODUCT_NAME = "$(TARGET_NAME)";
				SWIFT_VERSION = 4.2;
				TARGETED_DEVICE_FAMILY = "1,2";
			};
			name = Debug;
		};
		30B2574721CC93F30039EF63 /* Release */ = {
			isa = XCBuildConfiguration;
			buildSettings = {
				ASSETCATALOG_COMPILER_APPICON_NAME = AppIcon;
				CODE_SIGN_STYLE = Automatic;
				DEVELOPMENT_TEAM = ZMCVA33US7;
				INFOPLIST_FILE = ChangeData/Info.plist;
				LD_RUNPATH_SEARCH_PATHS = (
					"$(inherited)",
					"@executable_path/Frameworks",
				);
				PRODUCT_BUNDLE_IDENTIFIER = son.ChangeData;
				PRODUCT_NAME = "$(TARGET_NAME)";
				SWIFT_VERSION = 4.2;
				TARGETED_DEVICE_FAMILY = "1,2";
			};
			name = Release;
		};
		30B2574921CC93F30039EF63 /* Debug */ = {
			isa = XCBuildConfiguration;
			buildSettings = {
				ALWAYS_EMBED_SWIFT_STANDARD_LIBRARIES = YES;
				BUNDLE_LOADER = "$(TEST_HOST)";
				CODE_SIGN_STYLE = Automatic;
				INFOPLIST_FILE = ChangeDataTests/Info.plist;
				LD_RUNPATH_SEARCH_PATHS = (
					"$(inherited)",
					"@executable_path/Frameworks",
					"@loader_path/Frameworks",
				);
				PRODUCT_BUNDLE_IDENTIFIER = son.ChangeDataTests;
				PRODUCT_NAME = "$(TARGET_NAME)";
				SWIFT_VERSION = 4.2;
				TARGETED_DEVICE_FAMILY = "1,2";
				TEST_HOST = "$(BUILT_PRODUCTS_DIR)/ChangeData.app/ChangeData";
			};
			name = Debug;
		};
		30B2574A21CC93F30039EF63 /* Release */ = {
			isa = XCBuildConfiguration;
			buildSettings = {
				ALWAYS_EMBED_SWIFT_STANDARD_LIBRARIES = YES;
				BUNDLE_LOADER = "$(TEST_HOST)";
				CODE_SIGN_STYLE = Automatic;
				INFOPLIST_FILE = ChangeDataTests/Info.plist;
				LD_RUNPATH_SEARCH_PATHS = (
					"$(inherited)",
					"@executable_path/Frameworks",
					"@loader_path/Frameworks",
				);
				PRODUCT_BUNDLE_IDENTIFIER = son.ChangeDataTests;
				PRODUCT_NAME = "$(TARGET_NAME)";
				SWIFT_VERSION = 4.2;
				TARGETED_DEVICE_FAMILY = "1,2";
				TEST_HOST = "$(BUILT_PRODUCTS_DIR)/ChangeData.app/ChangeData";
			};
			name = Release;
		};
		30B2574C21CC93F30039EF63 /* Debug */ = {
			isa = XCBuildConfiguration;
			buildSettings = {
				ALWAYS_EMBED_SWIFT_STANDARD_LIBRARIES = YES;
				CODE_SIGN_STYLE = Automatic;
				INFOPLIST_FILE = ChangeDataUITests/Info.plist;
				LD_RUNPATH_SEARCH_PATHS = (
					"$(inherited)",
					"@executable_path/Frameworks",
					"@loader_path/Frameworks",
				);
				PRODUCT_BUNDLE_IDENTIFIER = son.ChangeDataUITests;
				PRODUCT_NAME = "$(TARGET_NAME)";
				SWIFT_VERSION = 4.2;
				TARGETED_DEVICE_FAMILY = "1,2";
				TEST_TARGET_NAME = ChangeData;
			};
			name = Debug;
		};
		30B2574D21CC93F30039EF63 /* Release */ = {
			isa = XCBuildConfiguration;
			buildSettings = {
				ALWAYS_EMBED_SWIFT_STANDARD_LIBRARIES = YES;
				CODE_SIGN_STYLE = Automatic;
				INFOPLIST_FILE = ChangeDataUITests/Info.plist;
				LD_RUNPATH_SEARCH_PATHS = (
					"$(inherited)",
					"@executable_path/Frameworks",
					"@loader_path/Frameworks",
				);
				PRODUCT_BUNDLE_IDENTIFIER = son.ChangeDataUITests;
				PRODUCT_NAME = "$(TARGET_NAME)";
				SWIFT_VERSION = 4.2;
				TARGETED_DEVICE_FAMILY = "1,2";
				TEST_TARGET_NAME = ChangeData;
			};
			name = Release;
		};
/* End XCBuildConfiguration section */

/* Begin XCConfigurationList section */
		30B2571821CC93F20039EF63 /* Build configuration list for PBXProject "ChangeData" */ = {
			isa = XCConfigurationList;
			buildConfigurations = (
				30B2574321CC93F30039EF63 /* Debug */,
				30B2574421CC93F30039EF63 /* Release */,
			);
			defaultConfigurationIsVisible = 0;
			defaultConfigurationName = Release;
		};
		30B2574521CC93F30039EF63 /* Build configuration list for PBXNativeTarget "ChangeData" */ = {
			isa = XCConfigurationList;
			buildConfigurations = (
				30B2574621CC93F30039EF63 /* Debug */,
				30B2574721CC93F30039EF63 /* Release */,
			);
			defaultConfigurationIsVisible = 0;
			defaultConfigurationName = Release;
		};
		30B2574821CC93F30039EF63 /* Build configuration list for PBXNativeTarget "ChangeDataTests" */ = {
			isa = XCConfigurationList;
			buildConfigurations = (
				30B2574921CC93F30039EF63 /* Debug */,
				30B2574A21CC93F30039EF63 /* Release */,
			);
			defaultConfigurationIsVisible = 0;
			defaultConfigurationName = Release;
		};
		30B2574B21CC93F30039EF63 /* Build configuration list for PBXNativeTarget "ChangeDataUITests" */ = {
			isa = XCConfigurationList;
			buildConfigurations = (
				30B2574C21CC93F30039EF63 /* Debug */,
				30B2574D21CC93F30039EF63 /* Release */,
			);
			defaultConfigurationIsVisible = 0;
			defaultConfigurationName = Release;
		};
/* End XCConfigurationList section */
	};
	rootObject = 30B2571521CC93F20039EF63 /* Project object */;
}
